// !$*UTF8*$!
{
	archiveVersion = 1;
	classes = {
	};
	objectVersion = 46;
	objects = {

/* Begin PBXBuildFile section */
		F515A3301F087A4900541422 /* AppDelegate.swift in Sources */ = {isa = PBXBuildFile; fileRef = F515A32F1F087A4900541422 /* AppDelegate.swift */; };
		F515A3321F087A4900541422 /* GameScene.sks in Resources */ = {isa = PBXBuildFile; fileRef = F515A3311F087A4900541422 /* GameScene.sks */; };
		F515A3341F087A4900541422 /* Actions.sks in Resources */ = {isa = PBXBuildFile; fileRef = F515A3331F087A4900541422 /* Actions.sks */; };
		F515A3361F087A4900541422 /* GameScene.swift in Sources */ = {isa = PBXBuildFile; fileRef = F515A3351F087A4900541422 /* GameScene.swift */; };
		F515A3381F087A4900541422 /* GameViewController.swift in Sources */ = {isa = PBXBuildFile; fileRef = F515A3371F087A4900541422 /* GameViewController.swift */; };
		F515A33B1F087A4900541422 /* Main.storyboard in Resources */ = {isa = PBXBuildFile; fileRef = F515A3391F087A4900541422 /* Main.storyboard */; };
		F515A33D1F087A4900541422 /* Assets.xcassets in Resources */ = {isa = PBXBuildFile; fileRef = F515A33C1F087A4900541422 /* Assets.xcassets */; };
		F515A3401F087A4900541422 /* LaunchScreen.storyboard in Resources */ = {isa = PBXBuildFile; fileRef = F515A33E1F087A4900541422 /* LaunchScreen.storyboard */; };
		F515A34B1F087A4900541422 /* RightTurnTests.swift in Sources */ = {isa = PBXBuildFile; fileRef = F515A34A1F087A4900541422 /* RightTurnTests.swift */; };
		F515A3561F087A4900541422 /* RightTurnUITests.swift in Sources */ = {isa = PBXBuildFile; fileRef = F515A3551F087A4900541422 /* RightTurnUITests.swift */; };
/* End PBXBuildFile section */

/* Begin PBXContainerItemProxy section */
		F515A3471F087A4900541422 /* PBXContainerItemProxy */ = {
			isa = PBXContainerItemProxy;
			containerPortal = F515A3241F087A4900541422 /* Project object */;
			proxyType = 1;
			remoteGlobalIDString = F515A32B1F087A4900541422;
			remoteInfo = RightTurn;
		};
		F515A3521F087A4900541422 /* PBXContainerItemProxy */ = {
			isa = PBXContainerItemProxy;
			containerPortal = F515A3241F087A4900541422 /* Project object */;
			proxyType = 1;
			remoteGlobalIDString = F515A32B1F087A4900541422;
			remoteInfo = RightTurn;
		};
/* End PBXContainerItemProxy section */

/* Begin PBXFileReference section */
		F515A32C1F087A4900541422 /* RightTurn.app */ = {isa = PBXFileReference; explicitFileType = wrapper.application; includeInIndex = 0; path = RightTurn.app; sourceTree = BUILT_PRODUCTS_DIR; };
		F515A32F1F087A4900541422 /* AppDelegate.swift */ = {isa = PBXFileReference; lastKnownFileType = sourcecode.swift; path = AppDelegate.swift; sourceTree = "<group>"; };
		F515A3311F087A4900541422 /* GameScene.sks */ = {isa = PBXFileReference; lastKnownFileType = file.sks; path = GameScene.sks; sourceTree = "<group>"; };
		F515A3331F087A4900541422 /* Actions.sks */ = {isa = PBXFileReference; lastKnownFileType = file.sks; path = Actions.sks; sourceTree = "<group>"; };
		F515A3351F087A4900541422 /* GameScene.swift */ = {isa = PBXFileReference; lastKnownFileType = sourcecode.swift; path = GameScene.swift; sourceTree = "<group>"; };
		F515A3371F087A4900541422 /* GameViewController.swift */ = {isa = PBXFileReference; lastKnownFileType = sourcecode.swift; path = GameViewController.swift; sourceTree = "<group>"; };
		F515A33A1F087A4900541422 /* Base */ = {isa = PBXFileReference; lastKnownFileType = file.storyboard; name = Base; path = Base.lproj/Main.storyboard; sourceTree = "<group>"; };
		F515A33C1F087A4900541422 /* Assets.xcassets */ = {isa = PBXFileReference; lastKnownFileType = folder.assetcatalog; path = Assets.xcassets; sourceTree = "<group>"; };
		F515A33F1F087A4900541422 /* Base */ = {isa = PBXFileReference; lastKnownFileType = file.storyboard; name = Base; path = Base.lproj/LaunchScreen.storyboard; sourceTree = "<group>"; };
		F515A3411F087A4900541422 /* Info.plist */ = {isa = PBXFileReference; lastKnownFileType = text.plist.xml; path = Info.plist; sourceTree = "<group>"; };
		F515A3461F087A4900541422 /* RightTurnTests.xctest */ = {isa = PBXFileReference; explicitFileType = wrapper.cfbundle; includeInIndex = 0; path = RightTurnTests.xctest; sourceTree = BUILT_PRODUCTS_DIR; };
		F515A34A1F087A4900541422 /* RightTurnTests.swift */ = {isa = PBXFileReference; lastKnownFileType = sourcecode.swift; path = RightTurnTests.swift; sourceTree = "<group>"; };
		F515A34C1F087A4900541422 /* Info.plist */ = {isa = PBXFileReference; lastKnownFileType = text.plist.xml; path = Info.plist; sourceTree = "<group>"; };
		F515A3511F087A4900541422 /* RightTurnUITests.xctest */ = {isa = PBXFileReference; explicitFileType = wrapper.cfbundle; includeInIndex = 0; path = RightTurnUITests.xctest; sourceTree = BUILT_PRODUCTS_DIR; };
		F515A3551F087A4900541422 /* RightTurnUITests.swift */ = {isa = PBXFileReference; lastKnownFileType = sourcecode.swift; path = RightTurnUITests.swift; sourceTree = "<group>"; };
		F515A3571F087A4900541422 /* Info.plist */ = {isa = PBXFileReference; lastKnownFileType = text.plist.xml; path = Info.plist; sourceTree = "<group>"; };
/* End PBXFileReference section */

/* Begin PBXFrameworksBuildPhase section */
		F515A3291F087A4900541422 /* Frameworks */ = {
			isa = PBXFrameworksBuildPhase;
			buildActionMask = 2147483647;
			files = (
			);
			runOnlyForDeploymentPostprocessing = 0;
		};
		F515A3431F087A4900541422 /* Frameworks */ = {
			isa = PBXFrameworksBuildPhase;
			buildActionMask = 2147483647;
			files = (
			);
			runOnlyForDeploymentPostprocessing = 0;
		};
		F515A34E1F087A4900541422 /* Frameworks */ = {
			isa = PBXFrameworksBuildPhase;
			buildActionMask = 2147483647;
			files = (
			);
			runOnlyForDeploymentPostprocessing = 0;
		};
/* End PBXFrameworksBuildPhase section */

/* Begin PBXGroup section */
		F515A3231F087A4900541422 = {
			isa = PBXGroup;
			children = (
				F515A32E1F087A4900541422 /* RightTurn */,
				F515A3491F087A4900541422 /* RightTurnTests */,
				F515A3541F087A4900541422 /* RightTurnUITests */,
				F515A32D1F087A4900541422 /* Products */,
			);
			sourceTree = "<group>";
		};
		F515A32D1F087A4900541422 /* Products */ = {
			isa = PBXGroup;
			children = (
				F515A32C1F087A4900541422 /* RightTurn.app */,
				F515A3461F087A4900541422 /* RightTurnTests.xctest */,
				F515A3511F087A4900541422 /* RightTurnUITests.xctest */,
			);
			name = Products;
			sourceTree = "<group>";
		};
		F515A32E1F087A4900541422 /* RightTurn */ = {
			isa = PBXGroup;
			children = (
				F515A32F1F087A4900541422 /* AppDelegate.swift */,
				F515A3311F087A4900541422 /* GameScene.sks */,
				F515A3331F087A4900541422 /* Actions.sks */,
				F515A3351F087A4900541422 /* GameScene.swift */,
				F515A3371F087A4900541422 /* GameViewController.swift */,
				F515A3391F087A4900541422 /* Main.storyboard */,
				F515A33C1F087A4900541422 /* Assets.xcassets */,
				F515A33E1F087A4900541422 /* LaunchScreen.storyboard */,
				F515A3411F087A4900541422 /* Info.plist */,
			);
			path = RightTurn;
			sourceTree = "<group>";
		};
		F515A3491F087A4900541422 /* RightTurnTests */ = {
			isa = PBXGroup;
			children = (
				F515A34A1F087A4900541422 /* RightTurnTests.swift */,
				F515A34C1F087A4900541422 /* Info.plist */,
			);
			path = RightTurnTests;
			sourceTree = "<group>";
		};
		F515A3541F087A4900541422 /* RightTurnUITests */ = {
			isa = PBXGroup;
			children = (
				F515A3551F087A4900541422 /* RightTurnUITests.swift */,
				F515A3571F087A4900541422 /* Info.plist */,
			);
			path = RightTurnUITests;
			sourceTree = "<group>";
		};
/* End PBXGroup section */

/* Begin PBXNativeTarget section */
		F515A32B1F087A4900541422 /* RightTurn */ = {
			isa = PBXNativeTarget;
			buildConfigurationList = F515A35A1F087A4900541422 /* Build configuration list for PBXNativeTarget "RightTurn" */;
			buildPhases = (
				F515A3281F087A4900541422 /* Sources */,
				F515A3291F087A4900541422 /* Frameworks */,
				F515A32A1F087A4900541422 /* Resources */,
			);
			buildRules = (
			);
			dependencies = (
			);
			name = RightTurn;
			productName = RightTurn;
			productReference = F515A32C1F087A4900541422 /* RightTurn.app */;
			productType = "com.apple.product-type.application";
		};
		F515A3451F087A4900541422 /* RightTurnTests */ = {
			isa = PBXNativeTarget;
			buildConfigurationList = F515A35D1F087A4900541422 /* Build configuration list for PBXNativeTarget "RightTurnTests" */;
			buildPhases = (
				F515A3421F087A4900541422 /* Sources */,
				F515A3431F087A4900541422 /* Frameworks */,
				F515A3441F087A4900541422 /* Resources */,
			);
			buildRules = (
			);
			dependencies = (
				F515A3481F087A4900541422 /* PBXTargetDependency */,
			);
			name = RightTurnTests;
			productName = RightTurnTests;
			productReference = F515A3461F087A4900541422 /* RightTurnTests.xctest */;
			productType = "com.apple.product-type.bundle.unit-test";
		};
		F515A3501F087A4900541422 /* RightTurnUITests */ = {
			isa = PBXNativeTarget;
			buildConfigurationList = F515A3601F087A4900541422 /* Build configuration list for PBXNativeTarget "RightTurnUITests" */;
			buildPhases = (
				F515A34D1F087A4900541422 /* Sources */,
				F515A34E1F087A4900541422 /* Frameworks */,
				F515A34F1F087A4900541422 /* Resources */,
			);
			buildRules = (
			);
			dependencies = (
				F515A3531F087A4900541422 /* PBXTargetDependency */,
			);
			name = RightTurnUITests;
			productName = RightTurnUITests;
			productReference = F515A3511F087A4900541422 /* RightTurnUITests.xctest */;
			productType = "com.apple.product-type.bundle.ui-testing";
		};
/* End PBXNativeTarget section */

/* Begin PBXProject section */
		F515A3241F087A4900541422 /* Project object */ = {
			isa = PBXProject;
			attributes = {
				LastSwiftUpdateCheck = 0820;
				LastUpgradeCheck = 0820;
				ORGANIZATIONNAME = "Jacob Patel";
				TargetAttributes = {
					F515A32B1F087A4900541422 = {
						CreatedOnToolsVersion = 8.2.1;
						DevelopmentTeam = 2JM95H3WH6;
						ProvisioningStyle = Automatic;
					};
					F515A3451F087A4900541422 = {
						CreatedOnToolsVersion = 8.2.1;
						ProvisioningStyle = Automatic;
						TestTargetID = F515A32B1F087A4900541422;
					};
					F515A3501F087A4900541422 = {
						CreatedOnToolsVersion = 8.2.1;
						ProvisioningStyle = Automatic;
						TestTargetID = F515A32B1F087A4900541422;
					};
				};
			};
			buildConfigurationList = F515A3271F087A4900541422 /* Build configuration list for PBXProject "RightTurn" */;
			compatibilityVersion = "Xcode 3.2";
			developmentRegion = English;
			hasScannedForEncodings = 0;
			knownRegions = (
				en,
				Base,
			);
			mainGroup = F515A3231F087A4900541422;
			productRefGroup = F515A32D1F087A4900541422 /* Products */;
			projectDirPath = "";
			projectRoot = "";
			targets = (
				F515A32B1F087A4900541422 /* RightTurn */,
				F515A3451F087A4900541422 /* RightTurnTests */,
				F515A3501F087A4900541422 /* RightTurnUITests */,
			);
		};
/* End PBXProject section */

/* Begin PBXResourcesBuildPhase section */
		F515A32A1F087A4900541422 /* Resources */ = {
			isa = PBXResourcesBuildPhase;
			buildActionMask = 2147483647;
			files = (
				F515A33B1F087A4900541422 /* Main.storyboard in Resources */,
				F515A3321F087A4900541422 /* GameScene.sks in Resources */,
				F515A33D1F087A4900541422 /* Assets.xcassets in Resources */,
				F515A3401F087A4900541422 /* LaunchScreen.storyboard in Resources */,
				F515A3341F087A4900541422 /* Actions.sks in Resources */,
			);
			runOnlyForDeploymentPostprocessing = 0;
		};
		F515A3441F087A4900541422 /* Resources */ = {
			isa = PBXResourcesBuildPhase;
			buildActionMask = 2147483647;
			files = (
			);
			runOnlyForDeploymentPostprocessing = 0;
		};
		F515A34F1F087A4900541422 /* Resources */ = {
			isa = PBXResourcesBuildPhase;
			buildActionMask = 2147483647;
			files = (
			);
			runOnlyForDeploymentPostprocessing = 0;
		};
/* End PBXResourcesBuildPhase section */

/* Begin PBXSourcesBuildPhase section */
		F515A3281F087A4900541422 /* Sources */ = {
			isa = PBXSourcesBuildPhase;
			buildActionMask = 2147483647;
			files = (
				F515A3361F087A4900541422 /* GameScene.swift in Sources */,
				F515A3381F087A4900541422 /* GameViewController.swift in Sources */,
				F515A3301F087A4900541422 /* AppDelegate.swift in Sources */,
			);
			runOnlyForDeploymentPostprocessing = 0;
		};
		F515A3421F087A4900541422 /* Sources */ = {
			isa = PBXSourcesBuildPhase;
			buildActionMask = 2147483647;
			files = (
				F515A34B1F087A4900541422 /* RightTurnTests.swift in Sources */,
			);
			runOnlyForDeploymentPostprocessing = 0;
		};
		F515A34D1F087A4900541422 /* Sources */ = {
			isa = PBXSourcesBuildPhase;
			buildActionMask = 2147483647;
			files = (
				F515A3561F087A4900541422 /* RightTurnUITests.swift in Sources */,
			);
			runOnlyForDeploymentPostprocessing = 0;
		};
/* End PBXSourcesBuildPhase section */

/* Begin PBXTargetDependency section */
		F515A3481F087A4900541422 /* PBXTargetDependency */ = {
			isa = PBXTargetDependency;
			target = F515A32B1F087A4900541422 /* RightTurn */;
			targetProxy = F515A3471F087A4900541422 /* PBXContainerItemProxy */;
		};
		F515A3531F087A4900541422 /* PBXTargetDependency */ = {
			isa = PBXTargetDependency;
			target = F515A32B1F087A4900541422 /* RightTurn */;
			targetProxy = F515A3521F087A4900541422 /* PBXContainerItemProxy */;
		};
/* End PBXTargetDependency section */

/* Begin PBXVariantGroup section */
		F515A3391F087A4900541422 /* Main.storyboard */ = {
			isa = PBXVariantGroup;
			children = (
				F515A33A1F087A4900541422 /* Base */,
			);
			name = Main.storyboard;
			sourceTree = "<group>";
		};
		F515A33E1F087A4900541422 /* LaunchScreen.storyboard */ = {
			isa = PBXVariantGroup;
			children = (
				F515A33F1F087A4900541422 /* Base */,
			);
			name = LaunchScreen.storyboard;
			sourceTree = "<group>";
		};
/* End PBXVariantGroup section */

/* Begin XCBuildConfiguration section */
		F515A3581F087A4900541422 /* Debug */ = {
			isa = XCBuildConfiguration;
			buildSettings = {
				ALWAYS_SEARCH_USER_PATHS = NO;
				CLANG_ANALYZER_NONNULL = YES;
				CLANG_CXX_LANGUAGE_STANDARD = "gnu++0x";
				CLANG_CXX_LIBRARY = "libc++";
				CLANG_ENABLE_MODULES = YES;
				CLANG_ENABLE_OBJC_ARC = YES;
				CLANG_WARN_BOOL_CONVERSION = YES;
				CLANG_WARN_CONSTANT_CONVERSION = YES;
				CLANG_WARN_DIRECT_OBJC_ISA_USAGE = YES_ERROR;
				CLANG_WARN_DOCUMENTATION_COMMENTS = YES;
				CLANG_WARN_EMPTY_BODY = YES;
				CLANG_WARN_ENUM_CONVERSION = YES;
				CLANG_WARN_INFINITE_RECURSION = YES;
				CLANG_WARN_INT_CONVERSION = YES;
				CLANG_WARN_OBJC_ROOT_CLASS = YES_ERROR;
				CLANG_WARN_SUSPICIOUS_MOVE = YES;
				CLANG_WARN_UNREACHABLE_CODE = YES;
				CLANG_WARN__DUPLICATE_METHOD_MATCH = YES;
				"CODE_SIGN_IDENTITY[sdk=iphoneos*]" = "iPhone Developer";
				COPY_PHASE_STRIP = NO;
				DEBUG_INFORMATION_FORMAT = dwarf;
				ENABLE_STRICT_OBJC_MSGSEND = YES;
				ENABLE_TESTABILITY = YES;
				GCC_C_LANGUAGE_STANDARD = gnu99;
				GCC_DYNAMIC_NO_PIC = NO;
				GCC_NO_COMMON_BLOCKS = YES;
				GCC_OPTIMIZATION_LEVEL = 0;
				GCC_PREPROCESSOR_DEFINITIONS = (
					"DEBUG=1",
					"$(inherited)",
				);
				GCC_WARN_64_TO_32_BIT_CONVERSION = YES;
				GCC_WARN_ABOUT_RETURN_TYPE = YES_ERROR;
				GCC_WARN_UNDECLARED_SELECTOR = YES;
				GCC_WARN_UNINITIALIZED_AUTOS = YES_AGGRESSIVE;
				GCC_WARN_UNUSED_FUNCTION = YES;
				GCC_WARN_UNUSED_VARIABLE = YES;
				IPHONEOS_DEPLOYMENT_TARGET = 10.2;
				MTL_ENABLE_DEBUG_INFO = YES;
				ONLY_ACTIVE_ARCH = YES;
				SDKROOT = iphoneos;
				SWIFT_ACTIVE_COMPILATION_CONDITIONS = DEBUG;
				SWIFT_OPTIMIZATION_LEVEL = "-Onone";
				TARGETED_DEVICE_FAMILY = "1,2";
			};
			name = Debug;
		};
		F515A3591F087A4900541422 /* Release */ = {
			isa = XCBuildConfiguration;
			buildSettings = {
				ALWAYS_SEARCH_USER_PATHS = NO;
				CLANG_ANALYZER_NONNULL = YES;
				CLANG_CXX_LANGUAGE_STANDARD = "gnu++0x";
				CLANG_CXX_LIBRARY = "libc++";
				CLANG_ENABLE_MODULES = YES;
				CLANG_ENABLE_OBJC_ARC = YES;
				CLANG_WARN_BOOL_CONVERSION = YES;
				CLANG_WARN_CONSTANT_CONVERSION = YES;
				CLANG_WARN_DIRECT_OBJC_ISA_USAGE = YES_ERROR;
				CLANG_WARN_DOCUMENTATION_COMMENTS = YES;
				CLANG_WARN_EMPTY_BODY = YES;
				CLANG_WARN_ENUM_CONVERSION = YES;
				CLANG_WARN_INFINITE_RECURSION = YES;
				CLANG_WARN_INT_CONVERSION = YES;
				CLANG_WARN_OBJC_ROOT_CLASS = YES_ERROR;
				CLANG_WARN_SUSPICIOUS_MOVE = YES;
				CLANG_WARN_UNREACHABLE_CODE = YES;
				CLANG_WARN__DUPLICATE_METHOD_MATCH = YES;
				"CODE_SIGN_IDENTITY[sdk=iphoneos*]" = "iPhone Developer";
				COPY_PHASE_STRIP = NO;
				DEBUG_INFORMATION_FORMAT = "dwarf-with-dsym";
				ENABLE_NS_ASSERTIONS = NO;
				ENABLE_STRICT_OBJC_MSGSEND = YES;
				GCC_C_LANGUAGE_STANDARD = gnu99;
				GCC_NO_COMMON_BLOCKS = YES;
				GCC_WARN_64_TO_32_BIT_CONVERSION = YES;
				GCC_WARN_ABOUT_RETURN_TYPE = YES_ERROR;
				GCC_WARN_UNDECLARED_SELECTOR = YES;
				GCC_WARN_UNINITIALIZED_AUTOS = YES_AGGRESSIVE;
				GCC_WARN_UNUSED_FUNCTION = YES;
				GCC_WARN_UNUSED_VARIABLE = YES;
				IPHONEOS_DEPLOYMENT_TARGET = 10.2;
				MTL_ENABLE_DEBUG_INFO = NO;
				SDKROOT = iphoneos;
				SWIFT_OPTIMIZATION_LEVEL = "-Owholemodule";
				TARGETED_DEVICE_FAMILY = "1,2";
				VALIDATE_PRODUCT = YES;
			};
			name = Release;
		};
		F515A35B1F087A4900541422 /* Debug */ = {
			isa = XCBuildConfiguration;
			buildSettings = {
				ASSETCATALOG_COMPILER_APPICON_NAME = AppIcon;
				DEVELOPMENT_TEAM = 2JM95H3WH6;
				INFOPLIST_FILE = RightTurn/Info.plist;
				IPHONEOS_DEPLOYMENT_TARGET = 10.2;
				LD_RUNPATH_SEARCH_PATHS = "$(inherited) @executable_path/Frameworks";
				PRODUCT_BUNDLE_IDENTIFIER = JacobPatel.RightTurn;
				PRODUCT_NAME = "$(TARGET_NAME)";
				SWIFT_VERSION = 3.0;
			};
			name = Debug;
		};
		F515A35C1F087A4900541422 /* Release */ = {
			isa = XCBuildConfiguration;
			buildSettings = {
				ASSETCATALOG_COMPILER_APPICON_NAME = AppIcon;
				DEVELOPMENT_TEAM = 2JM95H3WH6;
				INFOPLIST_FILE = RightTurn/Info.plist;
				IPHONEOS_DEPLOYMENT_TARGET = 10.2;
				LD_RUNPATH_SEARCH_PATHS = "$(inherited) @executable_path/Frameworks";
				PRODUCT_BUNDLE_IDENTIFIER = JacobPatel.RightTurn;
				PRODUCT_NAME = "$(TARGET_NAME)";
				SWIFT_VERSION = 3.0;
			};
			name = Release;
		};
		F515A35E1F087A4900541422 /* Debug */ = {
			isa = XCBuildConfiguration;
			buildSettings = {
				ALWAYS_EMBED_SWIFT_STANDARD_LIBRARIES = YES;
				BUNDLE_LOADER = "$(TEST_HOST)";
				INFOPLIST_FILE = RightTurnTests/Info.plist;
				LD_RUNPATH_SEARCH_PATHS = "$(inherited) @executable_path/Frameworks @loader_path/Frameworks";
				PRODUCT_BUNDLE_IDENTIFIER = JacobPatel.RightTurnTests;
				PRODUCT_NAME = "$(TARGET_NAME)";
				SWIFT_VERSION = 3.0;
				TEST_HOST = "$(BUILT_PRODUCTS_DIR)/RightTurn.app/RightTurn";
			};
			name = Debug;
		};
		F515A35F1F087A4900541422 /* Release */ = {
			isa = XCBuildConfiguration;
			buildSettings = {
				ALWAYS_EMBED_SWIFT_STANDARD_LIBRARIES = YES;
				BUNDLE_LOADER = "$(TEST_HOST)";
				INFOPLIST_FILE = RightTurnTests/Info.plist;
				LD_RUNPATH_SEARCH_PATHS = "$(inherited) @executable_path/Frameworks @loader_path/Frameworks";
				PRODUCT_BUNDLE_IDENTIFIER = JacobPatel.RightTurnTests;
				PRODUCT_NAME = "$(TARGET_NAME)";
				SWIFT_VERSION = 3.0;
				TEST_HOST = "$(BUILT_PRODUCTS_DIR)/RightTurn.app/RightTurn";
			};
			name = Release;
		};
		F515A3611F087A4900541422 /* Debug */ = {
			isa = XCBuildConfiguration;
			buildSettings = {
				ALWAYS_EMBED_SWIFT_STANDARD_LIBRARIES = YES;
				INFOPLIST_FILE = RightTurnUITests/Info.plist;
				LD_RUNPATH_SEARCH_PATHS = "$(inherited) @executable_path/Frameworks @loader_path/Frameworks";
				PRODUCT_BUNDLE_IDENTIFIER = JacobPatel.RightTurnUITests;
				PRODUCT_NAME = "$(TARGET_NAME)";
				SWIFT_VERSION = 3.0;
				TEST_TARGET_NAME = RightTurn;
			};
			name = Debug;
		};
		F515A3621F087A4900541422 /* Release */ = {
			isa = XCBuildConfiguration;
			buildSettings = {
				ALWAYS_EMBED_SWIFT_STANDARD_LIBRARIES = YES;
				INFOPLIST_FILE = RightTurnUITests/Info.plist;
				LD_RUNPATH_SEARCH_PATHS = "$(inherited) @executable_path/Frameworks @loader_path/Frameworks";
				PRODUCT_BUNDLE_IDENTIFIER = JacobPatel.RightTurnUITests;
				PRODUCT_NAME = "$(TARGET_NAME)";
				SWIFT_VERSION = 3.0;
				TEST_TARGET_NAME = RightTurn;
			};
			name = Release;
		};
/* End XCBuildConfiguration section */

/* Begin XCConfigurationList section */
		F515A3271F087A4900541422 /* Build configuration list for PBXProject "RightTurn" */ = {
			isa = XCConfigurationList;
			buildConfigurations = (
				F515A3581F087A4900541422 /* Debug */,
				F515A3591F087A4900541422 /* Release */,
			);
			defaultConfigurationIsVisible = 0;
			defaultConfigurationName = Release;
		};
		F515A35A1F087A4900541422 /* Build configuration list for PBXNativeTarget "RightTurn" */ = {
			isa = XCConfigurationList;
			buildConfigurations = (
				F515A35B1F087A4900541422 /* Debug */,
				F515A35C1F087A4900541422 /* Release */,
			);
			defaultConfigurationIsVisible = 0;
		};
		F515A35D1F087A4900541422 /* Build configuration list for PBXNativeTarget "RightTurnTests" */ = {
			isa = XCConfigurationList;
			buildConfigurations = (
				F515A35E1F087A4900541422 /* Debug */,
				F515A35F1F087A4900541422 /* Release */,
			);
			defaultConfigurationIsVisible = 0;
		};
		F515A3601F087A4900541422 /* Build configuration list for PBXNativeTarget "RightTurnUITests" */ = {
			isa = XCConfigurationList;
			buildConfigurations = (
				F515A3611F087A4900541422 /* Debug */,
				F515A3621F087A4900541422 /* Release */,
			);
			defaultConfigurationIsVisible = 0;
		};
/* End XCConfigurationList section */
	};
	rootObject = F515A3241F087A4900541422 /* Project object */;
}
